
Microsoft Visual Studio Solution File, Format Version 12.00
# Visual Studio Version 17
VisualStudioVersion = 17.4.33403.182
MinimumVisualStudioVersion = 10.0.40219.1
Project("{FAE04EC0-301F-11D3-BF4B-00C04F79EFBC}") = "IntersectionApp", "IntersectionApp\IntersectionApp.csproj", "{4619260A-3FDD-4A21-B9BE-FCB5532B08AE}"
EndProject
Project("{2150E333-8FDC-42A3-9474-1A3956D46DE8}") = "Элементы решения", "Элементы решения", "{A01B520D-E13A-4886-A6DD-DAE4F34ABEA5}"
EndProject
Global
	GlobalSection(SolutionConfigurationPlatforms) = preSolution
		Debug|Any CPU = Debug|Any CPU
		Release|Any CPU = Release|Any CPU
	EndGlobalSection
	GlobalSection(ProjectConfigurationPlatforms) = postSolution
		{4619260A-3FDD-4A21-B9BE-FCB5532B08AE}.Debug|Any CPU.ActiveCfg = Debug|Any CPU
		{4619260A-3FDD-4A21-B9BE-FCB5532B08AE}.Debug|Any CPU.Build.0 = Debug|Any CPU
		{4619260A-3FDD-4A21-B9BE-FCB5532B08AE}.Release|Any CPU.ActiveCfg = Release|Any CPU
		{4619260A-3FDD-4A21-B9BE-FCB5532B08AE}.Release|Any CPU.Build.0 = Release|Any CPU
	EndGlobalSection
	GlobalSection(SolutionProperties) = preSolution
		HideSolutionNode = FALSE
	EndGlobalSection
	GlobalSection(ExtensibilityGlobals) = postSolution
		SolutionGuid = {693389F7-97D1-4667-BF31-A24910424370}
	EndGlobalSection
EndGlobal
